
Microsoft Visual Studio Solution File, Format Version 12.00
# Visual Studio Version 16
VisualStudioVersion = 16.0.31424.327
MinimumVisualStudioVersion = 10.0.40219.1
Project("{FAE04EC0-301F-11D3-BF4B-00C04F79EFBC}") = "AntiAfkKick-Standalone", "AntiAfkKick\AntiAfkKick-Standalone.csproj", "{F15D6CA9-CEE5-4FC7-A7A1-87C70DBBC6FD}"
EndProject
Global
	GlobalSection(SolutionConfigurationPlatforms) = preSolution
		Debug|Any CPU = Debug|Any CPU
		Release|Any CPU = Release|Any CPU
	EndGlobalSection
	GlobalSection(ProjectConfigurationPlatforms) = postSolution
		{F15D6CA9-CEE5-4FC7-A7A1-87C70DBBC6FD}.Debug|Any CPU.ActiveCfg = Debug|Any CPU
		{F15D6CA9-CEE5-4FC7-A7A1-87C70DBBC6FD}.Debug|Any CPU.Build.0 = Debug|Any CPU
		{F15D6CA9-CEE5-4FC7-A7A1-87C70DBBC6FD}.Release|Any CPU.ActiveCfg = Release|Any CPU
		{F15D6CA9-CEE5-4FC7-A7A1-87C70DBBC6FD}.Release|Any CPU.Build.0 = Release|Any CPU
	EndGlobalSection
	GlobalSection(SolutionProperties) = preSolution
		HideSolutionNode = FALSE
	EndGlobalSection
	GlobalSection(ExtensibilityGlobals) = postSolution
		SolutionGuid = {BFFAAB91-AEFF-4F04-BC0A-6CD2D382CFA3}
	EndGlobalSection
EndGlobal
